
Microsoft Visual Studio Solution File, Format Version 12.00
# Visual Studio Version 17
VisualStudioVersion = 17.0.32112.339
MinimumVisualStudioVersion = 10.0.40219.1
Project("{9A19103F-16F7-4668-BE54-9A1E7A4F7556}") = "Isotita", "Isotita.csproj", "{1516145C-E220-4EE4-B5D7-022ECC6B072C}"
EndProject
Project("{9A19103F-16F7-4668-BE54-9A1E7A4F7556}") = "Factory", "..\Factory\Factory.csproj", "{8E5D7FF0-1FA2-4F35-B4C7-E3875B193758}"
EndProject
Project("{9A19103F-16F7-4668-BE54-9A1E7A4F7556}") = "Dal", "..\Dal\Dal.csproj", "{767E694C-093B-46FC-A11F-7FD4988707D7}"
EndProject
Project("{9A19103F-16F7-4668-BE54-9A1E7A4F7556}") = "Logic", "..\Logic\Logic.csproj", "{F0234C62-B268-4420-85FE-BDF0C84DC8FC}"
EndProject
Project("{9A19103F-16F7-4668-BE54-9A1E7A4F7556}") = "IsotitaTestProject", "..\IsotitaTestProject\IsotitaTestProject.csproj", "{2AE44A28-7EA3-4D89-84FB-149FCFFBBE45}"
EndProject
Global
	GlobalSection(SolutionConfigurationPlatforms) = preSolution
		Debug|Any CPU = Debug|Any CPU
		Release|Any CPU = Release|Any CPU
	EndGlobalSection
	GlobalSection(ProjectConfigurationPlatforms) = postSolution
		{1516145C-E220-4EE4-B5D7-022ECC6B072C}.Debug|Any CPU.ActiveCfg = Debug|Any CPU
		{1516145C-E220-4EE4-B5D7-022ECC6B072C}.Debug|Any CPU.Build.0 = Debug|Any CPU
		{1516145C-E220-4EE4-B5D7-022ECC6B072C}.Release|Any CPU.ActiveCfg = Release|Any CPU
		{1516145C-E220-4EE4-B5D7-022ECC6B072C}.Release|Any CPU.Build.0 = Release|Any CPU
		{8E5D7FF0-1FA2-4F35-B4C7-E3875B193758}.Debug|Any CPU.ActiveCfg = Debug|Any CPU
		{8E5D7FF0-1FA2-4F35-B4C7-E3875B193758}.Debug|Any CPU.Build.0 = Debug|Any CPU
		{8E5D7FF0-1FA2-4F35-B4C7-E3875B193758}.Release|Any CPU.ActiveCfg = Release|Any CPU
		{8E5D7FF0-1FA2-4F35-B4C7-E3875B193758}.Release|Any CPU.Build.0 = Release|Any CPU
		{767E694C-093B-46FC-A11F-7FD4988707D7}.Debug|Any CPU.ActiveCfg = Debug|Any CPU
		{767E694C-093B-46FC-A11F-7FD4988707D7}.Debug|Any CPU.Build.0 = Debug|Any CPU
		{767E694C-093B-46FC-A11F-7FD4988707D7}.Release|Any CPU.ActiveCfg = Release|Any CPU
		{767E694C-093B-46FC-A11F-7FD4988707D7}.Release|Any CPU.Build.0 = Release|Any CPU
		{F0234C62-B268-4420-85FE-BDF0C84DC8FC}.Debug|Any CPU.ActiveCfg = Debug|Any CPU
		{F0234C62-B268-4420-85FE-BDF0C84DC8FC}.Debug|Any CPU.Build.0 = Debug|Any CPU
		{F0234C62-B268-4420-85FE-BDF0C84DC8FC}.Release|Any CPU.ActiveCfg = Release|Any CPU
		{F0234C62-B268-4420-85FE-BDF0C84DC8FC}.Release|Any CPU.Build.0 = Release|Any CPU
		{2AE44A28-7EA3-4D89-84FB-149FCFFBBE45}.Debug|Any CPU.ActiveCfg = Debug|Any CPU
		{2AE44A28-7EA3-4D89-84FB-149FCFFBBE45}.Debug|Any CPU.Build.0 = Debug|Any CPU
		{2AE44A28-7EA3-4D89-84FB-149FCFFBBE45}.Release|Any CPU.ActiveCfg = Release|Any CPU
		{2AE44A28-7EA3-4D89-84FB-149FCFFBBE45}.Release|Any CPU.Build.0 = Release|Any CPU
	EndGlobalSection
	GlobalSection(SolutionProperties) = preSolution
		HideSolutionNode = FALSE
	EndGlobalSection
	GlobalSection(ExtensibilityGlobals) = postSolution
		SolutionGuid = {50568E86-3068-4CA9-A5BC-8FC1285673D7}
	EndGlobalSection
EndGlobal
